
Microsoft Visual Studio Solution File, Format Version 12.00
# Visual Studio Version 17
VisualStudioVersion = 17.11.35312.102
MinimumVisualStudioVersion = 10.0.40219.1
Project("{9A19103F-16F7-4668-BE54-9A1E7A4F7556}") = "FoodApp.Menu", "FoodApp.Menu\FoodApp.Menu.csproj", "{595A00EE-84A0-4B13-A10B-0B38E78180E1}"
EndProject
Global
	GlobalSection(SolutionConfigurationPlatforms) = preSolution
		Debug|Any CPU = Debug|Any CPU
		Release|Any CPU = Release|Any CPU
	EndGlobalSection
	GlobalSection(ProjectConfigurationPlatforms) = postSolution
		{595A00EE-84A0-4B13-A10B-0B38E78180E1}.Debug|Any CPU.ActiveCfg = Debug|Any CPU
		{595A00EE-84A0-4B13-A10B-0B38E78180E1}.Debug|Any CPU.Build.0 = Debug|Any CPU
		{595A00EE-84A0-4B13-A10B-0B38E78180E1}.Release|Any CPU.ActiveCfg = Release|Any CPU
		{595A00EE-84A0-4B13-A10B-0B38E78180E1}.Release|Any CPU.Build.0 = Release|Any CPU
	EndGlobalSection
	GlobalSection(SolutionProperties) = preSolution
		HideSolutionNode = FALSE
	EndGlobalSection
	GlobalSection(ExtensibilityGlobals) = postSolution
		SolutionGuid = {EDCCCED6-1F3E-4F8C-B55E-43519428B360}
	EndGlobalSection
EndGlobal
